// !$*UTF8*$!
{
	archiveVersion = 1;
	classes = {
	};
	objectVersion = 50;
	objects = {

/* Begin PBXBuildFile section */
		310A9AA024DA2664002E854B /* WorkoutDetail.swift in Sources */ = {isa = PBXBuildFile; fileRef = 310A9A9F24DA2664002E854B /* WorkoutDetail.swift */; };
		310A9AA224DA2675002E854B /* WorkoutList.swift in Sources */ = {isa = PBXBuildFile; fileRef = 310A9AA124DA2675002E854B /* WorkoutList.swift */; };
		310A9AA724DA29A8002E854B /* AddWorkout.swift in Sources */ = {isa = PBXBuildFile; fileRef = 310A9AA624DA29A8002E854B /* AddWorkout.swift */; };
		310A9AAA24DA2BB7002E854B /* Modifiers.swift in Sources */ = {isa = PBXBuildFile; fileRef = 310A9AA924DA2BB7002E854B /* Modifiers.swift */; };
		3152011C24DF352700FAEED2 /* Exercise.swift in Sources */ = {isa = PBXBuildFile; fileRef = 3152011B24DF352700FAEED2 /* Exercise.swift */; };
		315971AD24DA22F900D63172 /* AppDelegate.swift in Sources */ = {isa = PBXBuildFile; fileRef = 315971AC24DA22F900D63172 /* AppDelegate.swift */; };
		315971AF24DA22F900D63172 /* SceneDelegate.swift in Sources */ = {isa = PBXBuildFile; fileRef = 315971AE24DA22F900D63172 /* SceneDelegate.swift */; };
		315971B124DA22F900D63172 /* ContentView.swift in Sources */ = {isa = PBXBuildFile; fileRef = 315971B024DA22F900D63172 /* ContentView.swift */; };
		315971B324DA22FB00D63172 /* Assets.xcassets in Resources */ = {isa = PBXBuildFile; fileRef = 315971B224DA22FB00D63172 /* Assets.xcassets */; };
		315971B624DA22FB00D63172 /* Preview Assets.xcassets in Resources */ = {isa = PBXBuildFile; fileRef = 315971B524DA22FB00D63172 /* Preview Assets.xcassets */; };
		315971B924DA22FB00D63172 /* LaunchScreen.storyboard in Resources */ = {isa = PBXBuildFile; fileRef = 315971B724DA22FB00D63172 /* LaunchScreen.storyboard */; };
		315971C524DA234200D63172 /* Workout.swift in Sources */ = {isa = PBXBuildFile; fileRef = 315971C424DA234200D63172 /* Workout.swift */; };
/* End PBXBuildFile section */

/* Begin PBXFileReference section */
		310A9A9F24DA2664002E854B /* WorkoutDetail.swift */ = {isa = PBXFileReference; lastKnownFileType = sourcecode.swift; path = WorkoutDetail.swift; sourceTree = "<group>"; };
		310A9AA124DA2675002E854B /* WorkoutList.swift */ = {isa = PBXFileReference; lastKnownFileType = sourcecode.swift; path = WorkoutList.swift; sourceTree = "<group>"; };
		310A9AA624DA29A8002E854B /* AddWorkout.swift */ = {isa = PBXFileReference; lastKnownFileType = sourcecode.swift; path = AddWorkout.swift; sourceTree = "<group>"; };
		310A9AA924DA2BB7002E854B /* Modifiers.swift */ = {isa = PBXFileReference; lastKnownFileType = sourcecode.swift; path = Modifiers.swift; sourceTree = "<group>"; };
		3152011B24DF352700FAEED2 /* Exercise.swift */ = {isa = PBXFileReference; lastKnownFileType = sourcecode.swift; path = Exercise.swift; sourceTree = "<group>"; };
		315971A924DA22F900D63172 /* WorkoutPlan.app */ = {isa = PBXFileReference; explicitFileType = wrapper.application; includeInIndex = 0; path = WorkoutPlan.app; sourceTree = BUILT_PRODUCTS_DIR; };
		315971AC24DA22F900D63172 /* AppDelegate.swift */ = {isa = PBXFileReference; lastKnownFileType = sourcecode.swift; path = AppDelegate.swift; sourceTree = "<group>"; };
		315971AE24DA22F900D63172 /* SceneDelegate.swift */ = {isa = PBXFileReference; lastKnownFileType = sourcecode.swift; path = SceneDelegate.swift; sourceTree = "<group>"; };
		315971B024DA22F900D63172 /* ContentView.swift */ = {isa = PBXFileReference; lastKnownFileType = sourcecode.swift; path = ContentView.swift; sourceTree = "<group>"; };
		315971B224DA22FB00D63172 /* Assets.xcassets */ = {isa = PBXFileReference; lastKnownFileType = folder.assetcatalog; path = Assets.xcassets; sourceTree = "<group>"; };
		315971B524DA22FB00D63172 /* Preview Assets.xcassets */ = {isa = PBXFileReference; lastKnownFileType = folder.assetcatalog; path = "Preview Assets.xcassets"; sourceTree = "<group>"; };
		315971B824DA22FB00D63172 /* Base */ = {isa = PBXFileReference; lastKnownFileType = file.storyboard; name = Base; path = Base.lproj/LaunchScreen.storyboard; sourceTree = "<group>"; };
		315971BA24DA22FB00D63172 /* Info.plist */ = {isa = PBXFileReference; lastKnownFileType = text.plist.xml; path = Info.plist; sourceTree = "<group>"; };
		315971C424DA234200D63172 /* Workout.swift */ = {isa = PBXFileReference; lastKnownFileType = sourcecode.swift; path = Workout.swift; sourceTree = "<group>"; };
/* End PBXFileReference section */

/* Begin PBXFrameworksBuildPhase section */
		315971A624DA22F900D63172 /* Frameworks */ = {
			isa = PBXFrameworksBuildPhase;
			buildActionMask = 2147483647;
			files = (
			);
			runOnlyForDeploymentPostprocessing = 0;
		};
/* End PBXFrameworksBuildPhase section */

/* Begin PBXGroup section */
		310A9AA324DA26D0002E854B /* Workout */ = {
			isa = PBXGroup;
			children = (
				310A9AA524DA299C002E854B /* Add */,
				310A9AA124DA2675002E854B /* WorkoutList.swift */,
				310A9A9F24DA2664002E854B /* WorkoutDetail.swift */,
			);
			path = Workout;
			sourceTree = "<group>";
		};
		310A9AA424DA26DB002E854B /* Exercise */ = {
			isa = PBXGroup;
			children = (
			);
			path = Exercise;
			sourceTree = "<group>";
		};
		310A9AA524DA299C002E854B /* Add */ = {
			isa = PBXGroup;
			children = (
				310A9AA624DA29A8002E854B /* AddWorkout.swift */,
			);
			path = Add;
			sourceTree = "<group>";
		};
		310A9AA824DA2BA1002E854B /* Modifiers */ = {
			isa = PBXGroup;
			children = (
				310A9AA924DA2BB7002E854B /* Modifiers.swift */,
			);
			path = Modifiers;
			sourceTree = "<group>";
		};
		310A9AAB24DA2DC3002E854B /* Components */ = {
			isa = PBXGroup;
			children = (
			);
			path = Components;
			sourceTree = "<group>";
		};
		310A9AAD24DA34A8002E854B /* Services */ = {
			isa = PBXGroup;
			children = (
			);
			path = Services;
			sourceTree = "<group>";
		};
		315971A024DA22F900D63172 = {
			isa = PBXGroup;
			children = (
				315971AB24DA22F900D63172 /* WorkoutPlan */,
				315971AA24DA22F900D63172 /* Products */,
			);
			sourceTree = "<group>";
		};
		315971AA24DA22F900D63172 /* Products */ = {
			isa = PBXGroup;
			children = (
				315971A924DA22F900D63172 /* WorkoutPlan.app */,
			);
			name = Products;
			sourceTree = "<group>";
		};
		315971AB24DA22F900D63172 /* WorkoutPlan */ = {
			isa = PBXGroup;
			children = (
				315971C024DA231300D63172 /* Models */,
				310A9AAD24DA34A8002E854B /* Services */,
				310A9AA824DA2BA1002E854B /* Modifiers */,
				310A9AAB24DA2DC3002E854B /* Components */,
				315971C124DA231C00D63172 /* Views */,
				315971AC24DA22F900D63172 /* AppDelegate.swift */,
				315971AE24DA22F900D63172 /* SceneDelegate.swift */,
				315971C624DA236400D63172 /* Ressources */,
				315971B724DA22FB00D63172 /* LaunchScreen.storyboard */,
				315971BA24DA22FB00D63172 /* Info.plist */,
				315971B424DA22FB00D63172 /* Preview Content */,
			);
			path = WorkoutPlan;
			sourceTree = "<group>";
		};
		315971B424DA22FB00D63172 /* Preview Content */ = {
			isa = PBXGroup;
			children = (
				315971B524DA22FB00D63172 /* Preview Assets.xcassets */,
			);
			path = "Preview Content";
			sourceTree = "<group>";
		};
		315971C024DA231300D63172 /* Models */ = {
			isa = PBXGroup;
			children = (
				315971C424DA234200D63172 /* Workout.swift */,
				3152011B24DF352700FAEED2 /* Exercise.swift */,
			);
			path = Models;
			sourceTree = "<group>";
		};
		315971C124DA231C00D63172 /* Views */ = {
			isa = PBXGroup;
			children = (
				315971B024DA22F900D63172 /* ContentView.swift */,
				310A9AA324DA26D0002E854B /* Workout */,
				310A9AA424DA26DB002E854B /* Exercise */,
			);
			path = Views;
			sourceTree = "<group>";
		};
		315971C624DA236400D63172 /* Ressources */ = {
			isa = PBXGroup;
			children = (
				315971B224DA22FB00D63172 /* Assets.xcassets */,
			);
			path = Ressources;
			sourceTree = "<group>";
		};
/* End PBXGroup section */

/* Begin PBXNativeTarget section */
		315971A824DA22F900D63172 /* WorkoutPlan */ = {
			isa = PBXNativeTarget;
			buildConfigurationList = 315971BD24DA22FB00D63172 /* Build configuration list for PBXNativeTarget "WorkoutPlan" */;
			buildPhases = (
				315971A524DA22F900D63172 /* Sources */,
				315971A624DA22F900D63172 /* Frameworks */,
				315971A724DA22F900D63172 /* Resources */,
			);
			buildRules = (
			);
			dependencies = (
			);
			name = WorkoutPlan;
			productName = WorkoutPlan;
			productReference = 315971A924DA22F900D63172 /* WorkoutPlan.app */;
			productType = "com.apple.product-type.application";
		};
/* End PBXNativeTarget section */

/* Begin PBXProject section */
		315971A124DA22F900D63172 /* Project object */ = {
			isa = PBXProject;
			attributes = {
				LastSwiftUpdateCheck = 1160;
				LastUpgradeCheck = 1160;
				ORGANIZATIONNAME = "Méryl VALIER";
				TargetAttributes = {
					315971A824DA22F900D63172 = {
						CreatedOnToolsVersion = 11.6;
					};
				};
			};
			buildConfigurationList = 315971A424DA22F900D63172 /* Build configuration list for PBXProject "WorkoutPlan" */;
			compatibilityVersion = "Xcode 9.3";
			developmentRegion = en;
			hasScannedForEncodings = 0;
			knownRegions = (
				en,
				Base,
			);
			mainGroup = 315971A024DA22F900D63172;
			productRefGroup = 315971AA24DA22F900D63172 /* Products */;
			projectDirPath = "";
			projectRoot = "";
			targets = (
				315971A824DA22F900D63172 /* WorkoutPlan */,
			);
		};
/* End PBXProject section */

/* Begin PBXResourcesBuildPhase section */
		315971A724DA22F900D63172 /* Resources */ = {
			isa = PBXResourcesBuildPhase;
			buildActionMask = 2147483647;
			files = (
				315971B924DA22FB00D63172 /* LaunchScreen.storyboard in Resources */,
				315971B624DA22FB00D63172 /* Preview Assets.xcassets in Resources */,
				315971B324DA22FB00D63172 /* Assets.xcassets in Resources */,
			);
			runOnlyForDeploymentPostprocessing = 0;
		};
/* End PBXResourcesBuildPhase section */

/* Begin PBXSourcesBuildPhase section */
		315971A524DA22F900D63172 /* Sources */ = {
			isa = PBXSourcesBuildPhase;
			buildActionMask = 2147483647;
			files = (
				315971AD24DA22F900D63172 /* AppDelegate.swift in Sources */,
				315971AF24DA22F900D63172 /* SceneDelegate.swift in Sources */,
				315971B124DA22F900D63172 /* ContentView.swift in Sources */,
				310A9AA224DA2675002E854B /* WorkoutList.swift in Sources */,
				310A9AAA24DA2BB7002E854B /* Modifiers.swift in Sources */,
				310A9AA024DA2664002E854B /* WorkoutDetail.swift in Sources */,
				310A9AA724DA29A8002E854B /* AddWorkout.swift in Sources */,
				315971C524DA234200D63172 /* Workout.swift in Sources */,
				3152011C24DF352700FAEED2 /* Exercise.swift in Sources */,
			);
			runOnlyForDeploymentPostprocessing = 0;
		};
/* End PBXSourcesBuildPhase section */

/* Begin PBXVariantGroup section */
		315971B724DA22FB00D63172 /* LaunchScreen.storyboard */ = {
			isa = PBXVariantGroup;
			children = (
				315971B824DA22FB00D63172 /* Base */,
			);
			name = LaunchScreen.storyboard;
			sourceTree = "<group>";
		};
/* End PBXVariantGroup section */

/* Begin XCBuildConfiguration section */
		315971BB24DA22FB00D63172 /* Debug */ = {
			isa = XCBuildConfiguration;
			buildSettings = {
				ALWAYS_SEARCH_USER_PATHS = NO;
				CLANG_ANALYZER_NONNULL = YES;
				CLANG_ANALYZER_NUMBER_OBJECT_CONVERSION = YES_AGGRESSIVE;
				CLANG_CXX_LANGUAGE_STANDARD = "gnu++14";
				CLANG_CXX_LIBRARY = "libc++";
				CLANG_ENABLE_MODULES = YES;
				CLANG_ENABLE_OBJC_ARC = YES;
				CLANG_ENABLE_OBJC_WEAK = YES;
				CLANG_WARN_BLOCK_CAPTURE_AUTORELEASING = YES;
				CLANG_WARN_BOOL_CONVERSION = YES;
				CLANG_WARN_COMMA = YES;
				CLANG_WARN_CONSTANT_CONVERSION = YES;
				CLANG_WARN_DEPRECATED_OBJC_IMPLEMENTATIONS = YES;
				CLANG_WARN_DIRECT_OBJC_ISA_USAGE = YES_ERROR;
				CLANG_WARN_DOCUMENTATION_COMMENTS = YES;
				CLANG_WARN_EMPTY_BODY = YES;
				CLANG_WARN_ENUM_CONVERSION = YES;
				CLANG_WARN_INFINITE_RECURSION = YES;
				CLANG_WARN_INT_CONVERSION = YES;
				CLANG_WARN_NON_LITERAL_NULL_CONVERSION = YES;
				CLANG_WARN_OBJC_IMPLICIT_RETAIN_SELF = YES;
				CLANG_WARN_OBJC_LITERAL_CONVERSION = YES;
				CLANG_WARN_OBJC_ROOT_CLASS = YES_ERROR;
				CLANG_WARN_RANGE_LOOP_ANALYSIS = YES;
				CLANG_WARN_STRICT_PROTOTYPES = YES;
				CLANG_WARN_SUSPICIOUS_MOVE = YES;
				CLANG_WARN_UNGUARDED_AVAILABILITY = YES_AGGRESSIVE;
				CLANG_WARN_UNREACHABLE_CODE = YES;
				CLANG_WARN__DUPLICATE_METHOD_MATCH = YES;
				COPY_PHASE_STRIP = NO;
				DEBUG_INFORMATION_FORMAT = dwarf;
				ENABLE_STRICT_OBJC_MSGSEND = YES;
				ENABLE_TESTABILITY = YES;
				GCC_C_LANGUAGE_STANDARD = gnu11;
				GCC_DYNAMIC_NO_PIC = NO;
				GCC_NO_COMMON_BLOCKS = YES;
				GCC_OPTIMIZATION_LEVEL = 0;
				GCC_PREPROCESSOR_DEFINITIONS = (
					"DEBUG=1",
					"$(inherited)",
				);
				GCC_WARN_64_TO_32_BIT_CONVERSION = YES;
				GCC_WARN_ABOUT_RETURN_TYPE = YES_ERROR;
				GCC_WARN_UNDECLARED_SELECTOR = YES;
				GCC_WARN_UNINITIALIZED_AUTOS = YES_AGGRESSIVE;
				GCC_WARN_UNUSED_FUNCTION = YES;
				GCC_WARN_UNUSED_VARIABLE = YES;
				IPHONEOS_DEPLOYMENT_TARGET = 13.6;
				MTL_ENABLE_DEBUG_INFO = INCLUDE_SOURCE;
				MTL_FAST_MATH = YES;
				ONLY_ACTIVE_ARCH = YES;
				SDKROOT = iphoneos;
				SWIFT_ACTIVE_COMPILATION_CONDITIONS = DEBUG;
				SWIFT_OPTIMIZATION_LEVEL = "-Onone";
			};
			name = Debug;
		};
		315971BC24DA22FB00D63172 /* Release */ = {
			isa = XCBuildConfiguration;
			buildSettings = {
				ALWAYS_SEARCH_USER_PATHS = NO;
				CLANG_ANALYZER_NONNULL = YES;
				CLANG_ANALYZER_NUMBER_OBJECT_CONVERSION = YES_AGGRESSIVE;
				CLANG_CXX_LANGUAGE_STANDARD = "gnu++14";
				CLANG_CXX_LIBRARY = "libc++";
				CLANG_ENABLE_MODULES = YES;
				CLANG_ENABLE_OBJC_ARC = YES;
				CLANG_ENABLE_OBJC_WEAK = YES;
				CLANG_WARN_BLOCK_CAPTURE_AUTORELEASING = YES;
				CLANG_WARN_BOOL_CONVERSION = YES;
				CLANG_WARN_COMMA = YES;
				CLANG_WARN_CONSTANT_CONVERSION = YES;
				CLANG_WARN_DEPRECATED_OBJC_IMPLEMENTATIONS = YES;
				CLANG_WARN_DIRECT_OBJC_ISA_USAGE = YES_ERROR;
				CLANG_WARN_DOCUMENTATION_COMMENTS = YES;
				CLANG_WARN_EMPTY_BODY = YES;
				CLANG_WARN_ENUM_CONVERSION = YES;
				CLANG_WARN_INFINITE_RECURSION = YES;
				CLANG_WARN_INT_CONVERSION = YES;
				CLANG_WARN_NON_LITERAL_NULL_CONVERSION = YES;
				CLANG_WARN_OBJC_IMPLICIT_RETAIN_SELF = YES;
				CLANG_WARN_OBJC_LITERAL_CONVERSION = YES;
				CLANG_WARN_OBJC_ROOT_CLASS = YES_ERROR;
				CLANG_WARN_RANGE_LOOP_ANALYSIS = YES;
				CLANG_WARN_STRICT_PROTOTYPES = YES;
				CLANG_WARN_SUSPICIOUS_MOVE = YES;
				CLANG_WARN_UNGUARDED_AVAILABILITY = YES_AGGRESSIVE;
				CLANG_WARN_UNREACHABLE_CODE = YES;
				CLANG_WARN__DUPLICATE_METHOD_MATCH = YES;
				COPY_PHASE_STRIP = NO;
				DEBUG_INFORMATION_FORMAT = "dwarf-with-dsym";
				ENABLE_NS_ASSERTIONS = NO;
				ENABLE_STRICT_OBJC_MSGSEND = YES;
				GCC_C_LANGUAGE_STANDARD = gnu11;
				GCC_NO_COMMON_BLOCKS = YES;
				GCC_WARN_64_TO_32_BIT_CONVERSION = YES;
				GCC_WARN_ABOUT_RETURN_TYPE = YES_ERROR;
				GCC_WARN_UNDECLARED_SELECTOR = YES;
				GCC_WARN_UNINITIALIZED_AUTOS = YES_AGGRESSIVE;
				GCC_WARN_UNUSED_FUNCTION = YES;
				GCC_WARN_UNUSED_VARIABLE = YES;
				IPHONEOS_DEPLOYMENT_TARGET = 13.6;
				MTL_ENABLE_DEBUG_INFO = NO;
				MTL_FAST_MATH = YES;
				SDKROOT = iphoneos;
				SWIFT_COMPILATION_MODE = wholemodule;
				SWIFT_OPTIMIZATION_LEVEL = "-O";
				VALIDATE_PRODUCT = YES;
			};
			name = Release;
		};
		315971BE24DA22FB00D63172 /* Debug */ = {
			isa = XCBuildConfiguration;
			buildSettings = {
				ASSETCATALOG_COMPILER_APPICON_NAME = AppIcon;
				CODE_SIGN_STYLE = Automatic;
				DEVELOPMENT_ASSET_PATHS = "\"WorkoutPlan/Preview Content\"";
				ENABLE_PREVIEWS = YES;
				INFOPLIST_FILE = WorkoutPlan/Info.plist;
				LD_RUNPATH_SEARCH_PATHS = (
					"$(inherited)",
					"@executable_path/Frameworks",
				);
				PRODUCT_BUNDLE_IDENTIFIER = com.dinoboros.WorkoutPlan;
				PRODUCT_NAME = "$(TARGET_NAME)";
				SWIFT_VERSION = 5.0;
				TARGETED_DEVICE_FAMILY = "1,2";
			};
			name = Debug;
		};
		315971BF24DA22FB00D63172 /* Release */ = {
			isa = XCBuildConfiguration;
			buildSettings = {
				ASSETCATALOG_COMPILER_APPICON_NAME = AppIcon;
				CODE_SIGN_STYLE = Automatic;
				DEVELOPMENT_ASSET_PATHS = "\"WorkoutPlan/Preview Content\"";
				ENABLE_PREVIEWS = YES;
				INFOPLIST_FILE = WorkoutPlan/Info.plist;
				LD_RUNPATH_SEARCH_PATHS = (
					"$(inherited)",
					"@executable_path/Frameworks",
				);
				PRODUCT_BUNDLE_IDENTIFIER = com.dinoboros.WorkoutPlan;
				PRODUCT_NAME = "$(TARGET_NAME)";
				SWIFT_VERSION = 5.0;
				TARGETED_DEVICE_FAMILY = "1,2";
			};
			name = Release;
		};
/* End XCBuildConfiguration section */

/* Begin XCConfigurationList section */
		315971A424DA22F900D63172 /* Build configuration list for PBXProject "WorkoutPlan" */ = {
			isa = XCConfigurationList;
			buildConfigurations = (
				315971BB24DA22FB00D63172 /* Debug */,
				315971BC24DA22FB00D63172 /* Release */,
			);
			defaultConfigurationIsVisible = 0;
			defaultConfigurationName = Release;
		};
		315971BD24DA22FB00D63172 /* Build configuration list for PBXNativeTarget "WorkoutPlan" */ = {
			isa = XCConfigurationList;
			buildConfigurations = (
				315971BE24DA22FB00D63172 /* Debug */,
				315971BF24DA22FB00D63172 /* Release */,
			);
			defaultConfigurationIsVisible = 0;
			defaultConfigurationName = Release;
		};
/* End XCConfigurationList section */
	};
	rootObject = 315971A124DA22F900D63172 /* Project object */;
}
